
Microsoft Visual Studio Solution File, Format Version 12.00
# Visual Studio Version 17
VisualStudioVersion = 17.8.34309.116
MinimumVisualStudioVersion = 10.0.40219.1
Project("{FAE04EC0-301F-11D3-BF4B-00C04F79EFBC}") = "telefon_rehber", "telefon_rehber\telefon_rehber.csproj", "{45477668-5687-440D-9058-BA343C33B660}"
EndProject
Global
	GlobalSection(SolutionConfigurationPlatforms) = preSolution
		Debug|Any CPU = Debug|Any CPU
		Release|Any CPU = Release|Any CPU
	EndGlobalSection
	GlobalSection(ProjectConfigurationPlatforms) = postSolution
		{45477668-5687-440D-9058-BA343C33B660}.Debug|Any CPU.ActiveCfg = Debug|Any CPU
		{45477668-5687-440D-9058-BA343C33B660}.Debug|Any CPU.Build.0 = Debug|Any CPU
		{45477668-5687-440D-9058-BA343C33B660}.Release|Any CPU.ActiveCfg = Release|Any CPU
		{45477668-5687-440D-9058-BA343C33B660}.Release|Any CPU.Build.0 = Release|Any CPU
	EndGlobalSection
	GlobalSection(SolutionProperties) = preSolution
		HideSolutionNode = FALSE
	EndGlobalSection
	GlobalSection(ExtensibilityGlobals) = postSolution
		SolutionGuid = {DEEC2055-C4FF-40D6-9436-117501D3F150}
	EndGlobalSection
EndGlobal
